
Microsoft Visual Studio Solution File, Format Version 12.00
# Visual Studio Version 16
VisualStudioVersion = 16.0.30406.217
MinimumVisualStudioVersion = 10.0.40219.1
Project("{9A19103F-16F7-4668-BE54-9A1E7A4F7556}") = "GradeSchool", "GradeSchool.csproj", "{7BCBD7C9-AFBE-4577-88AB-35DFD225C835}"
EndProject
Global
	GlobalSection(SolutionConfigurationPlatforms) = preSolution
		Debug|Any CPU = Debug|Any CPU
		Release|Any CPU = Release|Any CPU
	EndGlobalSection
	GlobalSection(ProjectConfigurationPlatforms) = postSolution
		{7BCBD7C9-AFBE-4577-88AB-35DFD225C835}.Debug|Any CPU.ActiveCfg = Debug|Any CPU
		{7BCBD7C9-AFBE-4577-88AB-35DFD225C835}.Debug|Any CPU.Build.0 = Debug|Any CPU
		{7BCBD7C9-AFBE-4577-88AB-35DFD225C835}.Release|Any CPU.ActiveCfg = Release|Any CPU
		{7BCBD7C9-AFBE-4577-88AB-35DFD225C835}.Release|Any CPU.Build.0 = Release|Any CPU
	EndGlobalSection
	GlobalSection(SolutionProperties) = preSolution
		HideSolutionNode = FALSE
	EndGlobalSection
	GlobalSection(ExtensibilityGlobals) = postSolution
		SolutionGuid = {D3166736-A64E-490C-82CF-0D8DEE3DAA2B}
	EndGlobalSection
EndGlobal
