
Microsoft Visual Studio Solution File, Format Version 12.00
# Visual Studio Version 16
VisualStudioVersion = 16.0.30406.217
MinimumVisualStudioVersion = 10.0.40219.1
Project("{9A19103F-16F7-4668-BE54-9A1E7A4F7556}") = "Gigasecond", "Gigasecond.csproj", "{2DF78E53-46B4-41B7-A7C8-3C11B3A07912}"
EndProject
Global
	GlobalSection(SolutionConfigurationPlatforms) = preSolution
		Debug|Any CPU = Debug|Any CPU
		Release|Any CPU = Release|Any CPU
	EndGlobalSection
	GlobalSection(ProjectConfigurationPlatforms) = postSolution
		{2DF78E53-46B4-41B7-A7C8-3C11B3A07912}.Debug|Any CPU.ActiveCfg = Debug|Any CPU
		{2DF78E53-46B4-41B7-A7C8-3C11B3A07912}.Debug|Any CPU.Build.0 = Debug|Any CPU
		{2DF78E53-46B4-41B7-A7C8-3C11B3A07912}.Release|Any CPU.ActiveCfg = Release|Any CPU
		{2DF78E53-46B4-41B7-A7C8-3C11B3A07912}.Release|Any CPU.Build.0 = Release|Any CPU
	EndGlobalSection
	GlobalSection(SolutionProperties) = preSolution
		HideSolutionNode = FALSE
	EndGlobalSection
	GlobalSection(ExtensibilityGlobals) = postSolution
		SolutionGuid = {E3EA527F-71F8-41BC-8A7C-289E00FB8B59}
	EndGlobalSection
EndGlobal
